// !$*UTF8*$!
{
	archiveVersion = 1;
	classes = {
	};
	objectVersion = 56;
	objects = {

/* Begin PBXBuildFile section */
		756445722C6D324F000A5789 /* DailiesApp.swift in Sources */ = {isa = PBXBuildFile; fileRef = 756445712C6D324F000A5789 /* DailiesApp.swift */; };
		756445742C6D324F000A5789 /* ContentView.swift in Sources */ = {isa = PBXBuildFile; fileRef = 756445732C6D324F000A5789 /* ContentView.swift */; };
		756445762C6D3251000A5789 /* Assets.xcassets in Resources */ = {isa = PBXBuildFile; fileRef = 756445752C6D3251000A5789 /* Assets.xcassets */; };
		756445792C6D3251000A5789 /* Preview Assets.xcassets in Resources */ = {isa = PBXBuildFile; fileRef = 756445782C6D3251000A5789 /* Preview Assets.xcassets */; };
		756445832C6D3251000A5789 /* DailiesTests.swift in Sources */ = {isa = PBXBuildFile; fileRef = 756445822C6D3251000A5789 /* DailiesTests.swift */; };
		7564458D2C6D3251000A5789 /* DailiesUITests.swift in Sources */ = {isa = PBXBuildFile; fileRef = 7564458C2C6D3251000A5789 /* DailiesUITests.swift */; };
		7564458F2C6D3251000A5789 /* DailiesUITestsLaunchTests.swift in Sources */ = {isa = PBXBuildFile; fileRef = 7564458E2C6D3251000A5789 /* DailiesUITestsLaunchTests.swift */; };
/* End PBXBuildFile section */

/* Begin PBXContainerItemProxy section */
		7564457F2C6D3251000A5789 /* PBXContainerItemProxy */ = {
			isa = PBXContainerItemProxy;
			containerPortal = 756445662C6D324E000A5789 /* Project object */;
			proxyType = 1;
			remoteGlobalIDString = 7564456D2C6D324F000A5789;
			remoteInfo = Dailies;
		};
		756445892C6D3251000A5789 /* PBXContainerItemProxy */ = {
			isa = PBXContainerItemProxy;
			containerPortal = 756445662C6D324E000A5789 /* Project object */;
			proxyType = 1;
			remoteGlobalIDString = 7564456D2C6D324F000A5789;
			remoteInfo = Dailies;
		};
/* End PBXContainerItemProxy section */

/* Begin PBXFileReference section */
		7564456E2C6D324F000A5789 /* Dailies.app */ = {isa = PBXFileReference; explicitFileType = wrapper.application; includeInIndex = 0; path = Dailies.app; sourceTree = BUILT_PRODUCTS_DIR; };
		756445712C6D324F000A5789 /* DailiesApp.swift */ = {isa = PBXFileReference; lastKnownFileType = sourcecode.swift; path = DailiesApp.swift; sourceTree = "<group>"; };
		756445732C6D324F000A5789 /* ContentView.swift */ = {isa = PBXFileReference; lastKnownFileType = sourcecode.swift; path = ContentView.swift; sourceTree = "<group>"; };
		756445752C6D3251000A5789 /* Assets.xcassets */ = {isa = PBXFileReference; lastKnownFileType = folder.assetcatalog; path = Assets.xcassets; sourceTree = "<group>"; };
		756445782C6D3251000A5789 /* Preview Assets.xcassets */ = {isa = PBXFileReference; lastKnownFileType = folder.assetcatalog; path = "Preview Assets.xcassets"; sourceTree = "<group>"; };
		7564457E2C6D3251000A5789 /* DailiesTests.xctest */ = {isa = PBXFileReference; explicitFileType = wrapper.cfbundle; includeInIndex = 0; path = DailiesTests.xctest; sourceTree = BUILT_PRODUCTS_DIR; };
		756445822C6D3251000A5789 /* DailiesTests.swift */ = {isa = PBXFileReference; lastKnownFileType = sourcecode.swift; path = DailiesTests.swift; sourceTree = "<group>"; };
		756445882C6D3251000A5789 /* DailiesUITests.xctest */ = {isa = PBXFileReference; explicitFileType = wrapper.cfbundle; includeInIndex = 0; path = DailiesUITests.xctest; sourceTree = BUILT_PRODUCTS_DIR; };
		7564458C2C6D3251000A5789 /* DailiesUITests.swift */ = {isa = PBXFileReference; lastKnownFileType = sourcecode.swift; path = DailiesUITests.swift; sourceTree = "<group>"; };
		7564458E2C6D3251000A5789 /* DailiesUITestsLaunchTests.swift */ = {isa = PBXFileReference; lastKnownFileType = sourcecode.swift; path = DailiesUITestsLaunchTests.swift; sourceTree = "<group>"; };
/* End PBXFileReference section */

/* Begin PBXFrameworksBuildPhase section */
		7564456B2C6D324F000A5789 /* Frameworks */ = {
			isa = PBXFrameworksBuildPhase;
			buildActionMask = 2147483647;
			files = (
			);
			runOnlyForDeploymentPostprocessing = 0;
		};
		7564457B2C6D3251000A5789 /* Frameworks */ = {
			isa = PBXFrameworksBuildPhase;
			buildActionMask = 2147483647;
			files = (
			);
			runOnlyForDeploymentPostprocessing = 0;
		};
		756445852C6D3251000A5789 /* Frameworks */ = {
			isa = PBXFrameworksBuildPhase;
			buildActionMask = 2147483647;
			files = (
			);
			runOnlyForDeploymentPostprocessing = 0;
		};
/* End PBXFrameworksBuildPhase section */

/* Begin PBXGroup section */
		756445652C6D324E000A5789 = {
			isa = PBXGroup;
			children = (
				756445702C6D324F000A5789 /* Dailies */,
				756445812C6D3251000A5789 /* DailiesTests */,
				7564458B2C6D3251000A5789 /* DailiesUITests */,
				7564456F2C6D324F000A5789 /* Products */,
			);
			sourceTree = "<group>";
		};
		7564456F2C6D324F000A5789 /* Products */ = {
			isa = PBXGroup;
			children = (
				7564456E2C6D324F000A5789 /* Dailies.app */,
				7564457E2C6D3251000A5789 /* DailiesTests.xctest */,
				756445882C6D3251000A5789 /* DailiesUITests.xctest */,
			);
			name = Products;
			sourceTree = "<group>";
		};
		756445702C6D324F000A5789 /* Dailies */ = {
			isa = PBXGroup;
			children = (
				756445712C6D324F000A5789 /* DailiesApp.swift */,
				756445732C6D324F000A5789 /* ContentView.swift */,
				756445752C6D3251000A5789 /* Assets.xcassets */,
				756445772C6D3251000A5789 /* Preview Content */,
			);
			path = Dailies;
			sourceTree = "<group>";
		};
		756445772C6D3251000A5789 /* Preview Content */ = {
			isa = PBXGroup;
			children = (
				756445782C6D3251000A5789 /* Preview Assets.xcassets */,
			);
			path = "Preview Content";
			sourceTree = "<group>";
		};
		756445812C6D3251000A5789 /* DailiesTests */ = {
			isa = PBXGroup;
			children = (
				756445822C6D3251000A5789 /* DailiesTests.swift */,
			);
			path = DailiesTests;
			sourceTree = "<group>";
		};
		7564458B2C6D3251000A5789 /* DailiesUITests */ = {
			isa = PBXGroup;
			children = (
				7564458C2C6D3251000A5789 /* DailiesUITests.swift */,
				7564458E2C6D3251000A5789 /* DailiesUITestsLaunchTests.swift */,
			);
			path = DailiesUITests;
			sourceTree = "<group>";
		};
/* End PBXGroup section */

/* Begin PBXNativeTarget section */
		7564456D2C6D324F000A5789 /* Dailies */ = {
			isa = PBXNativeTarget;
			buildConfigurationList = 756445922C6D3251000A5789 /* Build configuration list for PBXNativeTarget "Dailies" */;
			buildPhases = (
				7564456A2C6D324F000A5789 /* Sources */,
				7564456B2C6D324F000A5789 /* Frameworks */,
				7564456C2C6D324F000A5789 /* Resources */,
			);
			buildRules = (
			);
			dependencies = (
			);
			name = Dailies;
			productName = Dailies;
			productReference = 7564456E2C6D324F000A5789 /* Dailies.app */;
			productType = "com.apple.product-type.application";
		};
		7564457D2C6D3251000A5789 /* DailiesTests */ = {
			isa = PBXNativeTarget;
			buildConfigurationList = 756445952C6D3251000A5789 /* Build configuration list for PBXNativeTarget "DailiesTests" */;
			buildPhases = (
				7564457A2C6D3251000A5789 /* Sources */,
				7564457B2C6D3251000A5789 /* Frameworks */,
				7564457C2C6D3251000A5789 /* Resources */,
			);
			buildRules = (
			);
			dependencies = (
				756445802C6D3251000A5789 /* PBXTargetDependency */,
			);
			name = DailiesTests;
			productName = DailiesTests;
			productReference = 7564457E2C6D3251000A5789 /* DailiesTests.xctest */;
			productType = "com.apple.product-type.bundle.unit-test";
		};
		756445872C6D3251000A5789 /* DailiesUITests */ = {
			isa = PBXNativeTarget;
			buildConfigurationList = 756445982C6D3251000A5789 /* Build configuration list for PBXNativeTarget "DailiesUITests" */;
			buildPhases = (
				756445842C6D3251000A5789 /* Sources */,
				756445852C6D3251000A5789 /* Frameworks */,
				756445862C6D3251000A5789 /* Resources */,
			);
			buildRules = (
			);
			dependencies = (
				7564458A2C6D3251000A5789 /* PBXTargetDependency */,
			);
			name = DailiesUITests;
			productName = DailiesUITests;
			productReference = 756445882C6D3251000A5789 /* DailiesUITests.xctest */;
			productType = "com.apple.product-type.bundle.ui-testing";
		};
/* End PBXNativeTarget section */

/* Begin PBXProject section */
		756445662C6D324E000A5789 /* Project object */ = {
			isa = PBXProject;
			attributes = {
				BuildIndependentTargetsInParallel = 1;
				LastSwiftUpdateCheck = 1530;
				LastUpgradeCheck = 1530;
				TargetAttributes = {
					7564456D2C6D324F000A5789 = {
						CreatedOnToolsVersion = 15.3;
					};
					7564457D2C6D3251000A5789 = {
						CreatedOnToolsVersion = 15.3;
						TestTargetID = 7564456D2C6D324F000A5789;
					};
					756445872C6D3251000A5789 = {
						CreatedOnToolsVersion = 15.3;
						TestTargetID = 7564456D2C6D324F000A5789;
					};
				};
			};
			buildConfigurationList = 756445692C6D324E000A5789 /* Build configuration list for PBXProject "Dailies" */;
			compatibilityVersion = "Xcode 14.0";
			developmentRegion = en;
			hasScannedForEncodings = 0;
			knownRegions = (
				en,
				Base,
			);
			mainGroup = 756445652C6D324E000A5789;
			productRefGroup = 7564456F2C6D324F000A5789 /* Products */;
			projectDirPath = "";
			projectRoot = "";
			targets = (
				7564456D2C6D324F000A5789 /* Dailies */,
				7564457D2C6D3251000A5789 /* DailiesTests */,
				756445872C6D3251000A5789 /* DailiesUITests */,
			);
		};
/* End PBXProject section */

/* Begin PBXResourcesBuildPhase section */
		7564456C2C6D324F000A5789 /* Resources */ = {
			isa = PBXResourcesBuildPhase;
			buildActionMask = 2147483647;
			files = (
				756445792C6D3251000A5789 /* Preview Assets.xcassets in Resources */,
				756445762C6D3251000A5789 /* Assets.xcassets in Resources */,
			);
			runOnlyForDeploymentPostprocessing = 0;
		};
		7564457C2C6D3251000A5789 /* Resources */ = {
			isa = PBXResourcesBuildPhase;
			buildActionMask = 2147483647;
			files = (
			);
			runOnlyForDeploymentPostprocessing = 0;
		};
		756445862C6D3251000A5789 /* Resources */ = {
			isa = PBXResourcesBuildPhase;
			buildActionMask = 2147483647;
			files = (
			);
			runOnlyForDeploymentPostprocessing = 0;
		};
/* End PBXResourcesBuildPhase section */

/* Begin PBXSourcesBuildPhase section */
		7564456A2C6D324F000A5789 /* Sources */ = {
			isa = PBXSourcesBuildPhase;
			buildActionMask = 2147483647;
			files = (
				756445742C6D324F000A5789 /* ContentView.swift in Sources */,
				756445722C6D324F000A5789 /* DailiesApp.swift in Sources */,
			);
			runOnlyForDeploymentPostprocessing = 0;
		};
		7564457A2C6D3251000A5789 /* Sources */ = {
			isa = PBXSourcesBuildPhase;
			buildActionMask = 2147483647;
			files = (
				756445832C6D3251000A5789 /* DailiesTests.swift in Sources */,
			);
			runOnlyForDeploymentPostprocessing = 0;
		};
		756445842C6D3251000A5789 /* Sources */ = {
			isa = PBXSourcesBuildPhase;
			buildActionMask = 2147483647;
			files = (
				7564458F2C6D3251000A5789 /* DailiesUITestsLaunchTests.swift in Sources */,
				7564458D2C6D3251000A5789 /* DailiesUITests.swift in Sources */,
			);
			runOnlyForDeploymentPostprocessing = 0;
		};
/* End PBXSourcesBuildPhase section */

/* Begin PBXTargetDependency section */
		756445802C6D3251000A5789 /* PBXTargetDependency */ = {
			isa = PBXTargetDependency;
			target = 7564456D2C6D324F000A5789 /* Dailies */;
			targetProxy = 7564457F2C6D3251000A5789 /* PBXContainerItemProxy */;
		};
		7564458A2C6D3251000A5789 /* PBXTargetDependency */ = {
			isa = PBXTargetDependency;
			target = 7564456D2C6D324F000A5789 /* Dailies */;
			targetProxy = 756445892C6D3251000A5789 /* PBXContainerItemProxy */;
		};
/* End PBXTargetDependency section */

/* Begin XCBuildConfiguration section */
		756445902C6D3251000A5789 /* Debug */ = {
			isa = XCBuildConfiguration;
			buildSettings = {
				ALWAYS_SEARCH_USER_PATHS = NO;
				ASSETCATALOG_COMPILER_GENERATE_SWIFT_ASSET_SYMBOL_EXTENSIONS = YES;
				CLANG_ANALYZER_NONNULL = YES;
				CLANG_ANALYZER_NUMBER_OBJECT_CONVERSION = YES_AGGRESSIVE;
				CLANG_CXX_LANGUAGE_STANDARD = "gnu++20";
				CLANG_ENABLE_MODULES = YES;
				CLANG_ENABLE_OBJC_ARC = YES;
				CLANG_ENABLE_OBJC_WEAK = YES;
				CLANG_WARN_BLOCK_CAPTURE_AUTORELEASING = YES;
				CLANG_WARN_BOOL_CONVERSION = YES;
				CLANG_WARN_COMMA = YES;
				CLANG_WARN_CONSTANT_CONVERSION = YES;
				CLANG_WARN_DEPRECATED_OBJC_IMPLEMENTATIONS = YES;
				CLANG_WARN_DIRECT_OBJC_ISA_USAGE = YES_ERROR;
				CLANG_WARN_DOCUMENTATION_COMMENTS = YES;
				CLANG_WARN_EMPTY_BODY = YES;
				CLANG_WARN_ENUM_CONVERSION = YES;
				CLANG_WARN_INFINITE_RECURSION = YES;
				CLANG_WARN_INT_CONVERSION = YES;
				CLANG_WARN_NON_LITERAL_NULL_CONVERSION = YES;
				CLANG_WARN_OBJC_IMPLICIT_RETAIN_SELF = YES;
				CLANG_WARN_OBJC_LITERAL_CONVERSION = YES;
				CLANG_WARN_OBJC_ROOT_CLASS = YES_ERROR;
				CLANG_WARN_QUOTED_INCLUDE_IN_FRAMEWORK_HEADER = YES;
				CLANG_WARN_RANGE_LOOP_ANALYSIS = YES;
				CLANG_WARN_STRICT_PROTOTYPES = YES;
				CLANG_WARN_SUSPICIOUS_MOVE = YES;
				CLANG_WARN_UNGUARDED_AVAILABILITY = YES_AGGRESSIVE;
				CLANG_WARN_UNREACHABLE_CODE = YES;
				CLANG_WARN__DUPLICATE_METHOD_MATCH = YES;
				COPY_PHASE_STRIP = NO;
				DEBUG_INFORMATION_FORMAT = dwarf;
				ENABLE_STRICT_OBJC_MSGSEND = YES;
				ENABLE_TESTABILITY = YES;
				ENABLE_USER_SCRIPT_SANDBOXING = YES;
				GCC_C_LANGUAGE_STANDARD = gnu17;
				GCC_DYNAMIC_NO_PIC = NO;
				GCC_NO_COMMON_BLOCKS = YES;
				GCC_OPTIMIZATION_LEVEL = 0;
				GCC_PREPROCESSOR_DEFINITIONS = (
					"DEBUG=1",
					"$(inherited)",
				);
				GCC_WARN_64_TO_32_BIT_CONVERSION = YES;
				GCC_WARN_ABOUT_RETURN_TYPE = YES_ERROR;
				GCC_WARN_UNDECLARED_SELECTOR = YES;
				GCC_WARN_UNINITIALIZED_AUTOS = YES_AGGRESSIVE;
				GCC_WARN_UNUSED_FUNCTION = YES;
				GCC_WARN_UNUSED_VARIABLE = YES;
				IPHONEOS_DEPLOYMENT_TARGET = 17.4;
				LOCALIZATION_PREFERS_STRING_CATALOGS = YES;
				MTL_ENABLE_DEBUG_INFO = INCLUDE_SOURCE;
				MTL_FAST_MATH = YES;
				ONLY_ACTIVE_ARCH = YES;
				SDKROOT = iphoneos;
				SWIFT_ACTIVE_COMPILATION_CONDITIONS = "DEBUG $(inherited)";
				SWIFT_OPTIMIZATION_LEVEL = "-Onone";
			};
			name = Debug;
		};
		756445912C6D3251000A5789 /* Release */ = {
			isa = XCBuildConfiguration;
			buildSettings = {
				ALWAYS_SEARCH_USER_PATHS = NO;
				ASSETCATALOG_COMPILER_GENERATE_SWIFT_ASSET_SYMBOL_EXTENSIONS = YES;
				CLANG_ANALYZER_NONNULL = YES;
				CLANG_ANALYZER_NUMBER_OBJECT_CONVERSION = YES_AGGRESSIVE;
				CLANG_CXX_LANGUAGE_STANDARD = "gnu++20";
				CLANG_ENABLE_MODULES = YES;
				CLANG_ENABLE_OBJC_ARC = YES;
				CLANG_ENABLE_OBJC_WEAK = YES;
				CLANG_WARN_BLOCK_CAPTURE_AUTORELEASING = YES;
				CLANG_WARN_BOOL_CONVERSION = YES;
				CLANG_WARN_COMMA = YES;
				CLANG_WARN_CONSTANT_CONVERSION = YES;
				CLANG_WARN_DEPRECATED_OBJC_IMPLEMENTATIONS = YES;
				CLANG_WARN_DIRECT_OBJC_ISA_USAGE = YES_ERROR;
				CLANG_WARN_DOCUMENTATION_COMMENTS = YES;
				CLANG_WARN_EMPTY_BODY = YES;
				CLANG_WARN_ENUM_CONVERSION = YES;
				CLANG_WARN_INFINITE_RECURSION = YES;
				CLANG_WARN_INT_CONVERSION = YES;
				CLANG_WARN_NON_LITERAL_NULL_CONVERSION = YES;
				CLANG_WARN_OBJC_IMPLICIT_RETAIN_SELF = YES;
				CLANG_WARN_OBJC_LITERAL_CONVERSION = YES;
				CLANG_WARN_OBJC_ROOT_CLASS = YES_ERROR;
				CLANG_WARN_QUOTED_INCLUDE_IN_FRAMEWORK_HEADER = YES;
				CLANG_WARN_RANGE_LOOP_ANALYSIS = YES;
				CLANG_WARN_STRICT_PROTOTYPES = YES;
				CLANG_WARN_SUSPICIOUS_MOVE = YES;
				CLANG_WARN_UNGUARDED_AVAILABILITY = YES_AGGRESSIVE;
				CLANG_WARN_UNREACHABLE_CODE = YES;
				CLANG_WARN__DUPLICATE_METHOD_MATCH = YES;
				COPY_PHASE_STRIP = NO;
				DEBUG_INFORMATION_FORMAT = "dwarf-with-dsym";
				ENABLE_NS_ASSERTIONS = NO;
				ENABLE_STRICT_OBJC_MSGSEND = YES;
				ENABLE_USER_SCRIPT_SANDBOXING = YES;
				GCC_C_LANGUAGE_STANDARD = gnu17;
				GCC_NO_COMMON_BLOCKS = YES;
				GCC_WARN_64_TO_32_BIT_CONVERSION = YES;
				GCC_WARN_ABOUT_RETURN_TYPE = YES_ERROR;
				GCC_WARN_UNDECLARED_SELECTOR = YES;
				GCC_WARN_UNINITIALIZED_AUTOS = YES_AGGRESSIVE;
				GCC_WARN_UNUSED_FUNCTION = YES;
				GCC_WARN_UNUSED_VARIABLE = YES;
				IPHONEOS_DEPLOYMENT_TARGET = 17.4;
				LOCALIZATION_PREFERS_STRING_CATALOGS = YES;
				MTL_ENABLE_DEBUG_INFO = NO;
				MTL_FAST_MATH = YES;
				SDKROOT = iphoneos;
				SWIFT_COMPILATION_MODE = wholemodule;
				VALIDATE_PRODUCT = YES;
			};
			name = Release;
		};
		756445932C6D3251000A5789 /* Debug */ = {
			isa = XCBuildConfiguration;
			buildSettings = {
				ASSETCATALOG_COMPILER_APPICON_NAME = AppIcon;
				ASSETCATALOG_COMPILER_GLOBAL_ACCENT_COLOR_NAME = AccentColor;
				CODE_SIGN_STYLE = Automatic;
				CURRENT_PROJECT_VERSION = 1;
				DEVELOPMENT_ASSET_PATHS = "\"Dailies/Preview Content\"";
				ENABLE_PREVIEWS = YES;
				GENERATE_INFOPLIST_FILE = YES;
				INFOPLIST_KEY_UIApplicationSceneManifest_Generation = YES;
				INFOPLIST_KEY_UIApplicationSupportsIndirectInputEvents = YES;
				INFOPLIST_KEY_UILaunchScreen_Generation = YES;
				INFOPLIST_KEY_UISupportedInterfaceOrientations_iPad = "UIInterfaceOrientationPortrait UIInterfaceOrientationPortraitUpsideDown UIInterfaceOrientationLandscapeLeft UIInterfaceOrientationLandscapeRight";
				INFOPLIST_KEY_UISupportedInterfaceOrientations_iPhone = "UIInterfaceOrientationPortrait UIInterfaceOrientationLandscapeLeft UIInterfaceOrientationLandscapeRight";
				LD_RUNPATH_SEARCH_PATHS = (
					"$(inherited)",
					"@executable_path/Frameworks",
				);
				MARKETING_VERSION = 1.0;
				PRODUCT_BUNDLE_IDENTIFIER = com.Dailies;
				PRODUCT_NAME = "$(TARGET_NAME)";
				SWIFT_EMIT_LOC_STRINGS = YES;
				SWIFT_VERSION = 5.0;
				TARGETED_DEVICE_FAMILY = "1,2";
			};
			name = Debug;
		};
		756445942C6D3251000A5789 /* Release */ = {
			isa = XCBuildConfiguration;
			buildSettings = {
				ASSETCATALOG_COMPILER_APPICON_NAME = AppIcon;
				ASSETCATALOG_COMPILER_GLOBAL_ACCENT_COLOR_NAME = AccentColor;
				CODE_SIGN_STYLE = Automatic;
				CURRENT_PROJECT_VERSION = 1;
				DEVELOPMENT_ASSET_PATHS = "\"Dailies/Preview Content\"";
				ENABLE_PREVIEWS = YES;
				GENERATE_INFOPLIST_FILE = YES;
				INFOPLIST_KEY_UIApplicationSceneManifest_Generation = YES;
				INFOPLIST_KEY_UIApplicationSupportsIndirectInputEvents = YES;
				INFOPLIST_KEY_UILaunchScreen_Generation = YES;
				INFOPLIST_KEY_UISupportedInterfaceOrientations_iPad = "UIInterfaceOrientationPortrait UIInterfaceOrientationPortraitUpsideDown UIInterfaceOrientationLandscapeLeft UIInterfaceOrientationLandscapeRight";
				INFOPLIST_KEY_UISupportedInterfaceOrientations_iPhone = "UIInterfaceOrientationPortrait UIInterfaceOrientationLandscapeLeft UIInterfaceOrientationLandscapeRight";
				LD_RUNPATH_SEARCH_PATHS = (
					"$(inherited)",
					"@executable_path/Frameworks",
				);
				MARKETING_VERSION = 1.0;
				PRODUCT_BUNDLE_IDENTIFIER = com.Dailies;
				PRODUCT_NAME = "$(TARGET_NAME)";
				SWIFT_EMIT_LOC_STRINGS = YES;
				SWIFT_VERSION = 5.0;
				TARGETED_DEVICE_FAMILY = "1,2";
			};
			name = Release;
		};
		756445962C6D3251000A5789 /* Debug */ = {
			isa = XCBuildConfiguration;
			buildSettings = {
				ALWAYS_EMBED_SWIFT_STANDARD_LIBRARIES = YES;
				BUNDLE_LOADER = "$(TEST_HOST)";
				CODE_SIGN_STYLE = Automatic;
				CURRENT_PROJECT_VERSION = 1;
				GENERATE_INFOPLIST_FILE = YES;
				IPHONEOS_DEPLOYMENT_TARGET = 17.4;
				MARKETING_VERSION = 1.0;
				PRODUCT_BUNDLE_IDENTIFIER = com.DailiesTests;
				PRODUCT_NAME = "$(TARGET_NAME)";
				SWIFT_EMIT_LOC_STRINGS = NO;
				SWIFT_VERSION = 5.0;
				TARGETED_DEVICE_FAMILY = "1,2";
				TEST_HOST = "$(BUILT_PRODUCTS_DIR)/Dailies.app/$(BUNDLE_EXECUTABLE_FOLDER_PATH)/Dailies";
			};
			name = Debug;
		};
		756445972C6D3251000A5789 /* Release */ = {
			isa = XCBuildConfiguration;
			buildSettings = {
				ALWAYS_EMBED_SWIFT_STANDARD_LIBRARIES = YES;
				BUNDLE_LOADER = "$(TEST_HOST)";
				CODE_SIGN_STYLE = Automatic;
				CURRENT_PROJECT_VERSION = 1;
				GENERATE_INFOPLIST_FILE = YES;
				IPHONEOS_DEPLOYMENT_TARGET = 17.4;
				MARKETING_VERSION = 1.0;
				PRODUCT_BUNDLE_IDENTIFIER = com.DailiesTests;
				PRODUCT_NAME = "$(TARGET_NAME)";
				SWIFT_EMIT_LOC_STRINGS = NO;
				SWIFT_VERSION = 5.0;
				TARGETED_DEVICE_FAMILY = "1,2";
				TEST_HOST = "$(BUILT_PRODUCTS_DIR)/Dailies.app/$(BUNDLE_EXECUTABLE_FOLDER_PATH)/Dailies";
			};
			name = Release;
		};
		756445992C6D3251000A5789 /* Debug */ = {
			isa = XCBuildConfiguration;
			buildSettings = {
				ALWAYS_EMBED_SWIFT_STANDARD_LIBRARIES = YES;
				CODE_SIGN_STYLE = Automatic;
				CURRENT_PROJECT_VERSION = 1;
				GENERATE_INFOPLIST_FILE = YES;
				MARKETING_VERSION = 1.0;
				PRODUCT_BUNDLE_IDENTIFIER = com.DailiesUITests;
				PRODUCT_NAME = "$(TARGET_NAME)";
				SWIFT_EMIT_LOC_STRINGS = NO;
				SWIFT_VERSION = 5.0;
				TARGETED_DEVICE_FAMILY = "1,2";
				TEST_TARGET_NAME = Dailies;
			};
			name = Debug;
		};
		7564459A2C6D3251000A5789 /* Release */ = {
			isa = XCBuildConfiguration;
			buildSettings = {
				ALWAYS_EMBED_SWIFT_STANDARD_LIBRARIES = YES;
				CODE_SIGN_STYLE = Automatic;
				CURRENT_PROJECT_VERSION = 1;
				GENERATE_INFOPLIST_FILE = YES;
				MARKETING_VERSION = 1.0;
				PRODUCT_BUNDLE_IDENTIFIER = com.DailiesUITests;
				PRODUCT_NAME = "$(TARGET_NAME)";
				SWIFT_EMIT_LOC_STRINGS = NO;
				SWIFT_VERSION = 5.0;
				TARGETED_DEVICE_FAMILY = "1,2";
				TEST_TARGET_NAME = Dailies;
			};
			name = Release;
		};
/* End XCBuildConfiguration section */

/* Begin XCConfigurationList section */
		756445692C6D324E000A5789 /* Build configuration list for PBXProject "Dailies" */ = {
			isa = XCConfigurationList;
			buildConfigurations = (
				756445902C6D3251000A5789 /* Debug */,
				756445912C6D3251000A5789 /* Release */,
			);
			defaultConfigurationIsVisible = 0;
			defaultConfigurationName = Release;
		};
		756445922C6D3251000A5789 /* Build configuration list for PBXNativeTarget "Dailies" */ = {
			isa = XCConfigurationList;
			buildConfigurations = (
				756445932C6D3251000A5789 /* Debug */,
				756445942C6D3251000A5789 /* Release */,
			);
			defaultConfigurationIsVisible = 0;
			defaultConfigurationName = Release;
		};
		756445952C6D3251000A5789 /* Build configuration list for PBXNativeTarget "DailiesTests" */ = {
			isa = XCConfigurationList;
			buildConfigurations = (
				756445962C6D3251000A5789 /* Debug */,
				756445972C6D3251000A5789 /* Release */,
			);
			defaultConfigurationIsVisible = 0;
			defaultConfigurationName = Release;
		};
		756445982C6D3251000A5789 /* Build configuration list for PBXNativeTarget "DailiesUITests" */ = {
			isa = XCConfigurationList;
			buildConfigurations = (
				756445992C6D3251000A5789 /* Debug */,
				7564459A2C6D3251000A5789 /* Release */,
			);
			defaultConfigurationIsVisible = 0;
			defaultConfigurationName = Release;
		};
/* End XCConfigurationList section */
	};
	rootObject = 756445662C6D324E000A5789 /* Project object */;
}
